
Microsoft Visual Studio Solution File, Format Version 12.00
# Visual Studio Version 17
VisualStudioVersion = 17.4.33205.214
MinimumVisualStudioVersion = 10.0.40219.1
Project("{FAE04EC0-301F-11D3-BF4B-00C04F79EFBC}") = "Datastructure_Algoritham", "Datastructure_Algoritham\Datastructure_Algoritham.csproj", "{AFB1E5D6-B96F-402F-8BB1-C3FD617788A5}"
EndProject
Global
	GlobalSection(SolutionConfigurationPlatforms) = preSolution
		Debug|Any CPU = Debug|Any CPU
		Release|Any CPU = Release|Any CPU
	EndGlobalSection
	GlobalSection(ProjectConfigurationPlatforms) = postSolution
		{AFB1E5D6-B96F-402F-8BB1-C3FD617788A5}.Debug|Any CPU.ActiveCfg = Debug|Any CPU
		{AFB1E5D6-B96F-402F-8BB1-C3FD617788A5}.Debug|Any CPU.Build.0 = Debug|Any CPU
		{AFB1E5D6-B96F-402F-8BB1-C3FD617788A5}.Release|Any CPU.ActiveCfg = Release|Any CPU
		{AFB1E5D6-B96F-402F-8BB1-C3FD617788A5}.Release|Any CPU.Build.0 = Release|Any CPU
	EndGlobalSection
	GlobalSection(SolutionProperties) = preSolution
		HideSolutionNode = FALSE
	EndGlobalSection
	GlobalSection(ExtensibilityGlobals) = postSolution
		SolutionGuid = {A53A2B86-DEF9-4F3A-BD2F-0B9D38D2EC50}
	EndGlobalSection
EndGlobal
